Microsoft Visual Studio Solution File, Format Version 12.00
# Visual Studio 15
VisualStudioVersion = 15.0.27428.2002
MinimumVisualStudioVersion = 10.0.40219.1
Project("{FAE04EC0-301F-11D3-BF4B-00C04F79EFBC}") = "Migraw", "src\Migraw.csproj", "{0EB53FB5-D5F0-47D2-87F0-068749682FBF}"
EndProject
Global
	GlobalSection(SolutionConfigurationPlatforms) = preSolution
		Debug|Any CPU = Debug|Any CPU
		Release|Any CPU = Release|Any CPU
	EndGlobalSection
	GlobalSection(ProjectConfigurationPlatforms) = postSolution
		{0EB53FB5-D5F0-47D2-87F0-068749682FBF}.Debug|Any CPU.ActiveCfg = Debug|Any CPU
		{0EB53FB5-D5F0-47D2-87F0-068749682FBF}.Debug|Any CPU.Build.0 = Debug|Any CPU
		{0EB53FB5-D5F0-47D2-87F0-068749682FBF}.Release|Any CPU.ActiveCfg = Release|Any CPU
		{0EB53FB5-D5F0-47D2-87F0-068749682FBF}.Release|Any CPU.Build.0 = Release|Any CPU
	EndGlobalSection
	GlobalSection(SolutionProperties) = preSolution
		HideSolutionNode = FALSE
	EndGlobalSection
	GlobalSection(ExtensibilityGlobals) = postSolution
		SolutionGuid = {B9A2A9D1-8A2D-4C05-9259-8CC3FC98AF85}
	EndGlobalSection
EndGlobal
